
Microsoft Visual Studio Solution File, Format Version 12.00
Project("{FAE04EC0-301F-11D3-BF4B-00C04F79EFBC}") = "LinuxDesktopShortcutBuilder", "LinuxDesktopShortcutBuilder\LinuxDesktopShortcutBuilder.csproj", "{0797F971-903B-4419-86EE-85E50DA9DA13}"
EndProject
Global
	GlobalSection(SolutionConfigurationPlatforms) = preSolution
		Debug|Any CPU = Debug|Any CPU
		Release|Any CPU = Release|Any CPU
	EndGlobalSection
	GlobalSection(ProjectConfigurationPlatforms) = postSolution
		{0797F971-903B-4419-86EE-85E50DA9DA13}.Debug|Any CPU.ActiveCfg = Debug|Any CPU
		{0797F971-903B-4419-86EE-85E50DA9DA13}.Debug|Any CPU.Build.0 = Debug|Any CPU
		{0797F971-903B-4419-86EE-85E50DA9DA13}.Release|Any CPU.ActiveCfg = Release|Any CPU
		{0797F971-903B-4419-86EE-85E50DA9DA13}.Release|Any CPU.Build.0 = Release|Any CPU
	EndGlobalSection
EndGlobal
